
Microsoft Visual Studio Solution File, Format Version 12.00
# Visual Studio Version 17
VisualStudioVersion = 17.2.32526.322
MinimumVisualStudioVersion = 10.0.40219.1
Project("{FAE04EC0-301F-11D3-BF4B-00C04F79EFBC}") = "JonnyGlasses1.0.Android", "JonnyGlasses1.0\JonnyGlasses1.0.Android\JonnyGlasses1.0.Android.csproj", "{4762869F-D5CA-4D24-BE9B-ED7BC9260464}"
EndProject
Project("{FAE04EC0-301F-11D3-BF4B-00C04F79EFBC}") = "JonnyGlasses1.0.iOS", "JonnyGlasses1.0\JonnyGlasses1.0.iOS\JonnyGlasses1.0.iOS.csproj", "{6BCB7D06-E8CE-4DEB-BF52-CD09AA03D663}"
EndProject
Project("{FAE04EC0-301F-11D3-BF4B-00C04F79EFBC}") = "JonnyGlasses1.0", "JonnyGlasses1.0\JonnyGlasses1.0\JonnyGlasses1.0.csproj", "{3FA66E0B-B52B-4BF3-9225-69C6947E22EE}"
EndProject
Global
	GlobalSection(SolutionConfigurationPlatforms) = preSolution
		Debug|Any CPU = Debug|Any CPU
		Debug|iPhone = Debug|iPhone
		Debug|iPhoneSimulator = Debug|iPhoneSimulator
		Release|Any CPU = Release|Any CPU
		Release|iPhone = Release|iPhone
		Release|iPhoneSimulator = Release|iPhoneSimulator
	EndGlobalSection
	GlobalSection(ProjectConfigurationPlatforms) = postSolution
		{4762869F-D5CA-4D24-BE9B-ED7BC9260464}.Debug|Any CPU.ActiveCfg = Debug|Any CPU
		{4762869F-D5CA-4D24-BE9B-ED7BC9260464}.Debug|Any CPU.Build.0 = Debug|Any CPU
		{4762869F-D5CA-4D24-BE9B-ED7BC9260464}.Debug|Any CPU.Deploy.0 = Debug|Any CPU
		{4762869F-D5CA-4D24-BE9B-ED7BC9260464}.Debug|iPhone.ActiveCfg = Debug|Any CPU
		{4762869F-D5CA-4D24-BE9B-ED7BC9260464}.Debug|iPhone.Build.0 = Debug|Any CPU
		{4762869F-D5CA-4D24-BE9B-ED7BC9260464}.Debug|iPhone.Deploy.0 = Debug|Any CPU
		{4762869F-D5CA-4D24-BE9B-ED7BC9260464}.Debug|iPhoneSimulator.ActiveCfg = Debug|Any CPU
		{4762869F-D5CA-4D24-BE9B-ED7BC9260464}.Debug|iPhoneSimulator.Build.0 = Debug|Any CPU
		{4762869F-D5CA-4D24-BE9B-ED7BC9260464}.Debug|iPhoneSimulator.Deploy.0 = Debug|Any CPU
		{4762869F-D5CA-4D24-BE9B-ED7BC9260464}.Release|Any CPU.ActiveCfg = Release|Any CPU
		{4762869F-D5CA-4D24-BE9B-ED7BC9260464}.Release|Any CPU.Build.0 = Release|Any CPU
		{4762869F-D5CA-4D24-BE9B-ED7BC9260464}.Release|Any CPU.Deploy.0 = Release|Any CPU
		{4762869F-D5CA-4D24-BE9B-ED7BC9260464}.Release|iPhone.ActiveCfg = Release|Any CPU
		{4762869F-D5CA-4D24-BE9B-ED7BC9260464}.Release|iPhone.Build.0 = Release|Any CPU
		{4762869F-D5CA-4D24-BE9B-ED7BC9260464}.Release|iPhone.Deploy.0 = Release|Any CPU
		{4762869F-D5CA-4D24-BE9B-ED7BC9260464}.Release|iPhoneSimulator.ActiveCfg = Release|Any CPU
		{4762869F-D5CA-4D24-BE9B-ED7BC9260464}.Release|iPhoneSimulator.Build.0 = Release|Any CPU
		{4762869F-D5CA-4D24-BE9B-ED7BC9260464}.Release|iPhoneSimulator.Deploy.0 = Release|Any CPU
		{6BCB7D06-E8CE-4DEB-BF52-CD09AA03D663}.Debug|Any CPU.ActiveCfg = Debug|iPhone
		{6BCB7D06-E8CE-4DEB-BF52-CD09AA03D663}.Debug|Any CPU.Build.0 = Debug|iPhone
		{6BCB7D06-E8CE-4DEB-BF52-CD09AA03D663}.Debug|Any CPU.Deploy.0 = Debug|iPhone
		{6BCB7D06-E8CE-4DEB-BF52-CD09AA03D663}.Debug|iPhone.ActiveCfg = Debug|iPhone
		{6BCB7D06-E8CE-4DEB-BF52-CD09AA03D663}.Debug|iPhone.Build.0 = Debug|iPhone
		{6BCB7D06-E8CE-4DEB-BF52-CD09AA03D663}.Debug|iPhone.Deploy.0 = Debug|iPhone
		{6BCB7D06-E8CE-4DEB-BF52-CD09AA03D663}.Debug|iPhoneSimulator.ActiveCfg = Debug|iPhoneSimulator
		{6BCB7D06-E8CE-4DEB-BF52-CD09AA03D663}.Debug|iPhoneSimulator.Build.0 = Debug|iPhoneSimulator
		{6BCB7D06-E8CE-4DEB-BF52-CD09AA03D663}.Debug|iPhoneSimulator.Deploy.0 = Debug|iPhoneSimulator
		{6BCB7D06-E8CE-4DEB-BF52-CD09AA03D663}.Release|Any CPU.ActiveCfg = Release|iPhoneSimulator
		{6BCB7D06-E8CE-4DEB-BF52-CD09AA03D663}.Release|Any CPU.Build.0 = Release|iPhoneSimulator
		{6BCB7D06-E8CE-4DEB-BF52-CD09AA03D663}.Release|Any CPU.Deploy.0 = Release|iPhoneSimulator
		{6BCB7D06-E8CE-4DEB-BF52-CD09AA03D663}.Release|iPhone.ActiveCfg = Release|iPhone
		{6BCB7D06-E8CE-4DEB-BF52-CD09AA03D663}.Release|iPhone.Build.0 = Release|iPhone
		{6BCB7D06-E8CE-4DEB-BF52-CD09AA03D663}.Release|iPhone.Deploy.0 = Release|iPhone
		{6BCB7D06-E8CE-4DEB-BF52-CD09AA03D663}.Release|iPhoneSimulator.ActiveCfg = Release|iPhoneSimulator
		{6BCB7D06-E8CE-4DEB-BF52-CD09AA03D663}.Release|iPhoneSimulator.Build.0 = Release|iPhoneSimulator
		{6BCB7D06-E8CE-4DEB-BF52-CD09AA03D663}.Release|iPhoneSimulator.Deploy.0 = Release|iPhoneSimulator
		{3FA66E0B-B52B-4BF3-9225-69C6947E22EE}.Debug|Any CPU.ActiveCfg = Debug|Any CPU
		{3FA66E0B-B52B-4BF3-9225-69C6947E22EE}.Debug|Any CPU.Build.0 = Debug|Any CPU
		{3FA66E0B-B52B-4BF3-9225-69C6947E22EE}.Debug|Any CPU.Deploy.0 = Debug|Any CPU
		{3FA66E0B-B52B-4BF3-9225-69C6947E22EE}.Debug|iPhone.ActiveCfg = Debug|Any CPU
		{3FA66E0B-B52B-4BF3-9225-69C6947E22EE}.Debug|iPhone.Build.0 = Debug|Any CPU
		{3FA66E0B-B52B-4BF3-9225-69C6947E22EE}.Debug|iPhone.Deploy.0 = Debug|Any CPU
		{3FA66E0B-B52B-4BF3-9225-69C6947E22EE}.Debug|iPhoneSimulator.ActiveCfg = Debug|Any CPU
		{3FA66E0B-B52B-4BF3-9225-69C6947E22EE}.Debug|iPhoneSimulator.Build.0 = Debug|Any CPU
		{3FA66E0B-B52B-4BF3-9225-69C6947E22EE}.Debug|iPhoneSimulator.Deploy.0 = Debug|Any CPU
		{3FA66E0B-B52B-4BF3-9225-69C6947E22EE}.Release|Any CPU.ActiveCfg = Release|Any CPU
		{3FA66E0B-B52B-4BF3-9225-69C6947E22EE}.Release|Any CPU.Build.0 = Release|Any CPU
		{3FA66E0B-B52B-4BF3-9225-69C6947E22EE}.Release|Any CPU.Deploy.0 = Release|Any CPU
		{3FA66E0B-B52B-4BF3-9225-69C6947E22EE}.Release|iPhone.ActiveCfg = Release|Any CPU
		{3FA66E0B-B52B-4BF3-9225-69C6947E22EE}.Release|iPhone.Build.0 = Release|Any CPU
		{3FA66E0B-B52B-4BF3-9225-69C6947E22EE}.Release|iPhone.Deploy.0 = Release|Any CPU
		{3FA66E0B-B52B-4BF3-9225-69C6947E22EE}.Release|iPhoneSimulator.ActiveCfg = Release|Any CPU
		{3FA66E0B-B52B-4BF3-9225-69C6947E22EE}.Release|iPhoneSimulator.Build.0 = Release|Any CPU
		{3FA66E0B-B52B-4BF3-9225-69C6947E22EE}.Release|iPhoneSimulator.Deploy.0 = Release|Any CPU
	EndGlobalSection
	GlobalSection(SolutionProperties) = preSolution
		HideSolutionNode = FALSE
	EndGlobalSection
	GlobalSection(ExtensibilityGlobals) = postSolution
		SolutionGuid = {63ED8C90-F3EA-4A4F-983E-E6FDEAD67537}
	EndGlobalSection
EndGlobal
